
Microsoft Visual Studio Solution File, Format Version 12.00
# Visual Studio 14
VisualStudioVersion = 14.0.25420.1
MinimumVisualStudioVersion = 10.0.40219.1
Project("{FAE04EC0-301F-11D3-BF4B-00C04F79EFBC}") = "rally_results", "rally_results\rally_results.csproj", "{7C72F8B6-24C3-4E6C-93C2-B5AAA620953D}"
EndProject
Project("{FAE04EC0-301F-11D3-BF4B-00C04F79EFBC}") = "RallyResults.Public", "..\src\RallyResults.Public\RallyResults.Public.csproj", "{B9322832-5FBD-448F-B218-00D47DC2071F}"
EndProject
Global
	GlobalSection(SolutionConfigurationPlatforms) = preSolution
		Debug|Any CPU = Debug|Any CPU
		Release|Any CPU = Release|Any CPU
	EndGlobalSection
	GlobalSection(ProjectConfigurationPlatforms) = postSolution
		{7C72F8B6-24C3-4E6C-93C2-B5AAA620953D}.Debug|Any CPU.ActiveCfg = Debug|Any CPU
		{7C72F8B6-24C3-4E6C-93C2-B5AAA620953D}.Debug|Any CPU.Build.0 = Debug|Any CPU
		{7C72F8B6-24C3-4E6C-93C2-B5AAA620953D}.Release|Any CPU.ActiveCfg = Release|Any CPU
		{7C72F8B6-24C3-4E6C-93C2-B5AAA620953D}.Release|Any CPU.Build.0 = Release|Any CPU
		{B9322832-5FBD-448F-B218-00D47DC2071F}.Debug|Any CPU.ActiveCfg = Debug|Any CPU
		{B9322832-5FBD-448F-B218-00D47DC2071F}.Debug|Any CPU.Build.0 = Debug|Any CPU
		{B9322832-5FBD-448F-B218-00D47DC2071F}.Release|Any CPU.ActiveCfg = Release|Any CPU
		{B9322832-5FBD-448F-B218-00D47DC2071F}.Release|Any CPU.Build.0 = Release|Any CPU
	EndGlobalSection
	GlobalSection(SolutionProperties) = preSolution
		HideSolutionNode = FALSE
	EndGlobalSection
EndGlobal
